
Microsoft Visual Studio Solution File, Format Version 12.00
# Visual Studio 2012
Project("{FAE04EC0-301F-11D3-BF4B-00C04F79EFBC}") = "Altura persona", "Altura persona\Altura persona.csproj", "{ECF929E3-FBBF-4845-BCB5-D10D02DE7956}"
EndProject
Global
	GlobalSection(SolutionConfigurationPlatforms) = preSolution
		Debug|Any CPU = Debug|Any CPU
		Release|Any CPU = Release|Any CPU
	EndGlobalSection
	GlobalSection(ProjectConfigurationPlatforms) = postSolution
		{ECF929E3-FBBF-4845-BCB5-D10D02DE7956}.Debug|Any CPU.ActiveCfg = Debug|Any CPU
		{ECF929E3-FBBF-4845-BCB5-D10D02DE7956}.Debug|Any CPU.Build.0 = Debug|Any CPU
		{ECF929E3-FBBF-4845-BCB5-D10D02DE7956}.Release|Any CPU.ActiveCfg = Release|Any CPU
		{ECF929E3-FBBF-4845-BCB5-D10D02DE7956}.Release|Any CPU.Build.0 = Release|Any CPU
	EndGlobalSection
	GlobalSection(SolutionProperties) = preSolution
		HideSolutionNode = FALSE
	EndGlobalSection
EndGlobal
