
Microsoft Visual Studio Solution File, Format Version 12.00
# Visual Studio 2012
Project("{FAE04EC0-301F-11D3-BF4B-00C04F79EFBC}") = "Colores Rgba", "Colores Rgba\Colores Rgba.csproj", "{6F5CE03E-8FE8-4356-A5D6-BA82C119C14A}"
EndProject
Global
	GlobalSection(SolutionConfigurationPlatforms) = preSolution
		Debug|Any CPU = Debug|Any CPU
		Release|Any CPU = Release|Any CPU
	EndGlobalSection
	GlobalSection(ProjectConfigurationPlatforms) = postSolution
		{6F5CE03E-8FE8-4356-A5D6-BA82C119C14A}.Debug|Any CPU.ActiveCfg = Debug|Any CPU
		{6F5CE03E-8FE8-4356-A5D6-BA82C119C14A}.Debug|Any CPU.Build.0 = Debug|Any CPU
		{6F5CE03E-8FE8-4356-A5D6-BA82C119C14A}.Release|Any CPU.ActiveCfg = Release|Any CPU
		{6F5CE03E-8FE8-4356-A5D6-BA82C119C14A}.Release|Any CPU.Build.0 = Release|Any CPU
	EndGlobalSection
	GlobalSection(SolutionProperties) = preSolution
		HideSolutionNode = FALSE
	EndGlobalSection
EndGlobal
