
Microsoft Visual Studio Solution File, Format Version 12.00
# Visual Studio 2012
Project("{FAE04EC0-301F-11D3-BF4B-00C04F79EFBC}") = "ejercicio1", "ejercicio1\ejercicio1.csproj", "{FC13FE9B-B30F-4738-BE5F-D3B9978C6526}"
EndProject
Global
	GlobalSection(SolutionConfigurationPlatforms) = preSolution
		Debug|Any CPU = Debug|Any CPU
		Release|Any CPU = Release|Any CPU
	EndGlobalSection
	GlobalSection(ProjectConfigurationPlatforms) = postSolution
		{FC13FE9B-B30F-4738-BE5F-D3B9978C6526}.Debug|Any CPU.ActiveCfg = Debug|Any CPU
		{FC13FE9B-B30F-4738-BE5F-D3B9978C6526}.Debug|Any CPU.Build.0 = Debug|Any CPU
		{FC13FE9B-B30F-4738-BE5F-D3B9978C6526}.Release|Any CPU.ActiveCfg = Release|Any CPU
		{FC13FE9B-B30F-4738-BE5F-D3B9978C6526}.Release|Any CPU.Build.0 = Release|Any CPU
	EndGlobalSection
	GlobalSection(SolutionProperties) = preSolution
		HideSolutionNode = FALSE
	EndGlobalSection
EndGlobal
